<?xml version="1.0" encoding="utf-8"?>
<Project ToolsVersion="4.0" xmlns="http://schemas.microsoft.com/developer/msbuild/2003">
  <ItemGroup>
    <Filter Include="Source Files">
      <UniqueIdentifier>{0671a522-c3b2-4f89-b04f-07eec5c7cb99}</UniqueIdentifier>
      <Extensions>cpp;c;cxx;def;odl;idl;hpj;bat;asm</Extensions>
    </Filter>
    <Filter Include="Header Files">
      <UniqueIdentifier>{de3b9535-13a9-4a3e-a590-28df1dd54994}</UniqueIdentifier>
      <Extensions>h;hpp;hxx;hm;inl;inc</Extensions>
    </Filter>
    <Filter Include="Resource Files">
      <UniqueIdentifier>{f58d5ec3-e52e-4a87-b857-0ada3a068ab8}</UniqueIdentifier>
      <Extensions>rc;ico;cur;bmp;dlg;rc2;rct;bin;rgs;gif;jpg;jpeg;jpe</Extensions>
    </Filter>
  </ItemGroup>
  <ItemGroup>
    <ClCompile Include="..\PDP18B\pdp18b_cpu.c">
      <Filter>Source Files</Filter>
    </ClCompile>
    <ClCompile Include="..\PDP18B\pdp18b_drm.c">
      <Filter>Source Files</Filter>
    </ClCompile>
    <ClCompile Include="..\PDP18B\pdp18b_dt.c">
      <Filter>Source Files</Filter>
    </ClCompile>
    <ClCompile Include="..\PDP18B\pdp18b_fpp.c">
      <Filter>Source Files</Filter>
    </ClCompile>
    <ClCompile Include="..\PDP18B\pdp18b_lp.c">
      <Filter>Source Files</Filter>
    </ClCompile>
    <ClCompile Include="..\PDP18B\pdp18b_mt.c">
      <Filter>Source Files</Filter>
    </ClCompile>
    <ClCompile Include="..\PDP18B\pdp18b_rf.c">
      <Filter>Source Files</Filter>
    </ClCompile>
    <ClCompile Include="..\PDP18B\pdp18b_rp.c">
      <Filter>Source Files</Filter>
    </ClCompile>
    <ClCompile Include="..\PDP18B\pdp18b_stddev.c">
      <Filter>Source Files</Filter>
    </ClCompile>
    <ClCompile Include="..\PDP18B\pdp18b_sys.c">
      <Filter>Source Files</Filter>
    </ClCompile>
    <ClCompile Include="..\PDP18B\pdp18b_tt1.c">
      <Filter>Source Files</Filter>
    </ClCompile>
    <ClCompile Include="..\scp.c">
      <Filter>Source Files</Filter>
    </ClCompile>
    <ClCompile Include="..\sim_console.c">
      <Filter>Source Files</Filter>
    </ClCompile>
    <ClCompile Include="..\sim_disk.c">
      <Filter>Source Files</Filter>
    </ClCompile>
    <ClCompile Include="..\sim_ether.c">
      <Filter>Source Files</Filter>
    </ClCompile>
    <ClCompile Include="..\sim_fio.c">
      <Filter>Source Files</Filter>
    </ClCompile>
    <ClCompile Include="..\sim_serial.c">
      <Filter>Source Files</Filter>
    </ClCompile>
    <ClCompile Include="..\sim_sock.c">
      <Filter>Source Files</Filter>
    </ClCompile>
    <ClCompile Include="..\sim_tape.c">
      <Filter>Source Files</Filter>
    </ClCompile>
    <ClCompile Include="..\sim_timer.c">
      <Filter>Source Files</Filter>
    </ClCompile>
    <ClCompile Include="..\sim_tmxr.c">
      <Filter>Source Files</Filter>
    </ClCompile>
    <ClCompile Include="..\REALCONS\realcons.c">
      <Filter>Source Files</Filter>
    </ClCompile>
    <ClCompile Include="..\REALCONS\realcons_simh.c">
      <Filter>Source Files</Filter>
    </ClCompile>
    <ClCompile Include="..\sim_video.c">
      <Filter>Source Files</Filter>
    </ClCompile>
    <ClCompile Include="..\..\..\00_common\bitcalc.c">
      <Filter>Source Files</Filter>
    </ClCompile>
    <ClCompile Include="..\..\..\07.0_blinkenlight_api\blinkenlight_api_client.c">
      <Filter>Source Files</Filter>
    </ClCompile>
    <ClCompile Include="..\..\..\07.0_blinkenlight_api\blinkenlight_panels.c">
      <Filter>Source Files</Filter>
    </ClCompile>
    <ClCompile Include="..\..\..\07.0_blinkenlight_api\rpcgen_linux\rpc_blinkenlight_api_clnt.c">
      <Filter>Source Files</Filter>
    </ClCompile>
    <ClCompile Include="..\..\..\07.0_blinkenlight_api\rpcgen_linux\rpc_blinkenlight_api_xdr.c">
      <Filter>Source Files</Filter>
    </ClCompile>
    <ClCompile Include="..\..\windows-build\pthreads\pthread.c">
      <Filter>Source Files</Filter>
    </ClCompile>
    <ClCompile Include="..\REALCONS\realcons_console_pdp15.c">
      <Filter>Source Files</Filter>
    </ClCompile>
  </ItemGroup>
  <ItemGroup>
    <ClInclude Include="..\PDP18B\pdp18b_defs.h">
      <Filter>Header Files</Filter>
    </ClInclude>
    <ClInclude Include="..\scp.h">
      <Filter>Header Files</Filter>
    </ClInclude>
    <ClInclude Include="..\sim_console.h">
      <Filter>Header Files</Filter>
    </ClInclude>
    <ClInclude Include="..\sim_defs.h">
      <Filter>Header Files</Filter>
    </ClInclude>
    <ClInclude Include="..\sim_disk.h">
      <Filter>Header Files</Filter>
    </ClInclude>
    <ClInclude Include="..\sim_ether.h">
      <Filter>Header Files</Filter>
    </ClInclude>
    <ClInclude Include="..\sim_fio.h">
      <Filter>Header Files</Filter>
    </ClInclude>
    <ClInclude Include="..\sim_rev.h">
      <Filter>Header Files</Filter>
    </ClInclude>
    <ClInclude Include="..\sim_serial.h">
      <Filter>Header Files</Filter>
    </ClInclude>
    <ClInclude Include="..\sim_sock.h">
      <Filter>Header Files</Filter>
    </ClInclude>
    <ClInclude Include="..\sim_tape.h">
      <Filter>Header Files</Filter>
    </ClInclude>
    <ClInclude Include="..\sim_timer.h">
      <Filter>Header Files</Filter>
    </ClInclude>
    <ClInclude Include="..\sim_tmxr.h">
      <Filter>Header Files</Filter>
    </ClInclude>
    <ClInclude Include="..\REALCONS\realcons.h">
      <Filter>Header Files</Filter>
    </ClInclude>
    <ClInclude Include="..\REALCONS\realcons_simh.h">
      <Filter>Header Files</Filter>
    </ClInclude>
    <ClInclude Include="..\..\..\07.0_blinkenlight_api\blinkenlight_api_client.h">
      <Filter>Header Files</Filter>
    </ClInclude>
    <ClInclude Include="..\sim_video.h">
      <Filter>Header Files</Filter>
    </ClInclude>
    <ClInclude Include="..\..\..\00_common\bitcalc.h">
      <Filter>Header Files</Filter>
    </ClInclude>
    <ClInclude Include="..\..\..\07.0_blinkenlight_api\blinkenlight_panels.h">
      <Filter>Header Files</Filter>
    </ClInclude>
    <ClInclude Include="..\..\windows-build\pthreads\pthread.h">
      <Filter>Header Files</Filter>
    </ClInclude>
    <ClInclude Include="..\REALCONS\realcons_console_pdp15.h">
      <Filter>Header Files</Filter>
    </ClInclude>
  </ItemGroup>
</Project>